
Microsoft Visual Studio Solution File, Format Version 12.00
# Visual Studio Version 17
VisualStudioVersion = 17.6.33829.357
MinimumVisualStudioVersion = 10.0.40219.1
Project("{9A19103F-16F7-4668-BE54-9A1E7A4F7556}") = "SdrsDecoder", "SdrsDecoder\SdrsDecoder.csproj", "{5D18619C-8809-4199-9227-242977AC0E68}"
EndProject
Project("{9A19103F-16F7-4668-BE54-9A1E7A4F7556}") = "SdrsDecoder.Cli", "SdrsDecoder.Cli\SdrsDecoder.Cli.csproj", "{721CF5F9-D91B-4DA1-9EE3-98D13FD64E01}"
EndProject
Project("{9A19103F-16F7-4668-BE54-9A1E7A4F7556}") = "SdrsDecoder.Plugin", "SdrsDecoder.Plugin\SdrsDecoder.Plugin.csproj", "{EF369083-14DE-4F60-8090-FFC7958192C7}"
EndProject
Global
	GlobalSection(SolutionConfigurationPlatforms) = preSolution
		Debug|Any CPU = Debug|Any CPU
		Release|Any CPU = Release|Any CPU
	EndGlobalSection
	GlobalSection(ProjectConfigurationPlatforms) = postSolution
		{5D18619C-8809-4199-9227-242977AC0E68}.Debug|Any CPU.ActiveCfg = Debug|Any CPU
		{5D18619C-8809-4199-9227-242977AC0E68}.Debug|Any CPU.Build.0 = Debug|Any CPU
		{5D18619C-8809-4199-9227-242977AC0E68}.Release|Any CPU.ActiveCfg = Release|Any CPU
		{5D18619C-8809-4199-9227-242977AC0E68}.Release|Any CPU.Build.0 = Release|Any CPU
		{721CF5F9-D91B-4DA1-9EE3-98D13FD64E01}.Debug|Any CPU.ActiveCfg = Debug|Any CPU
		{721CF5F9-D91B-4DA1-9EE3-98D13FD64E01}.Debug|Any CPU.Build.0 = Debug|Any CPU
		{721CF5F9-D91B-4DA1-9EE3-98D13FD64E01}.Release|Any CPU.ActiveCfg = Release|Any CPU
		{721CF5F9-D91B-4DA1-9EE3-98D13FD64E01}.Release|Any CPU.Build.0 = Release|Any CPU
		{EF369083-14DE-4F60-8090-FFC7958192C7}.Debug|Any CPU.ActiveCfg = Debug|Any CPU
		{EF369083-14DE-4F60-8090-FFC7958192C7}.Debug|Any CPU.Build.0 = Debug|Any CPU
		{EF369083-14DE-4F60-8090-FFC7958192C7}.Release|Any CPU.ActiveCfg = Release|Any CPU
		{EF369083-14DE-4F60-8090-FFC7958192C7}.Release|Any CPU.Build.0 = Release|Any CPU
	EndGlobalSection
	GlobalSection(SolutionProperties) = preSolution
		HideSolutionNode = FALSE
	EndGlobalSection
	GlobalSection(ExtensibilityGlobals) = postSolution
		SolutionGuid = {380EE5FF-EBBA-4BB0-83E5-72C49FCF8F45}
	EndGlobalSection
EndGlobal
